<?xml version="1.0" encoding="utf-8"?>
<Project ToolsVersion="14.0" xmlns="http://schemas.microsoft.com/developer/msbuild/2003">
  <ItemGroup>
    <ClCompile Include="..\external\imgui\imgui.cpp">
      <Filter>Source Files</Filter>
    </ClCompile>
    <ClCompile Include="..\external\imgui\imgui_demo.cpp">
      <Filter>Source Files</Filter>
    </ClCompile>
    <ClCompile Include="..\external\imgui\imgui_draw.cpp">
      <Filter>Source Files</Filter>
    </ClCompile>
    <ClCompile Include="..\external\imgui\imgui_widgets.cpp">
      <Filter>Source Files</Filter>
    </ClCompile>
    <ClCompile Include="VulkanAndroid.cpp" />
    <ClCompile Include="VulkanDebug.cpp" />
    <ClCompile Include="VulkanTools.cpp" />
    <ClCompile Include="VulkanUIOverlay.cpp" />
    <ClCompile Include="vulkanexamplebase.cpp" />
  </ItemGroup>
  <ItemGroup>
    <Filter Include="Source Files">
      <UniqueIdentifier>{317CD364-A60E-3073-8978-424FD6943A16}</UniqueIdentifier>
    </Filter>
  </ItemGroup>
</Project>